
Microsoft Visual Studio Solution File, Format Version 12.00
# Visual Studio Express 2012 for Windows Desktop
Project("{FAE04EC0-301F-11D3-BF4B-00C04F79EFBC}") = "HumphreyErik22Maze", "HumphreyErik22Maze\HumphreyErik22Maze.csproj", "{76796018-3DBA-403B-B698-D69130DF988B}"
EndProject
Global
	GlobalSection(SolutionConfigurationPlatforms) = preSolution
		Debug|Any CPU = Debug|Any CPU
		Release|Any CPU = Release|Any CPU
	EndGlobalSection
	GlobalSection(ProjectConfigurationPlatforms) = postSolution
		{76796018-3DBA-403B-B698-D69130DF988B}.Debug|Any CPU.ActiveCfg = Debug|Any CPU
		{76796018-3DBA-403B-B698-D69130DF988B}.Debug|Any CPU.Build.0 = Debug|Any CPU
		{76796018-3DBA-403B-B698-D69130DF988B}.Release|Any CPU.ActiveCfg = Release|Any CPU
		{76796018-3DBA-403B-B698-D69130DF988B}.Release|Any CPU.Build.0 = Release|Any CPU
	EndGlobalSection
	GlobalSection(SolutionProperties) = preSolution
		HideSolutionNode = FALSE
	EndGlobalSection
EndGlobal
